
Microsoft Visual Studio Solution File, Format Version 12.00
# Visual Studio 14
VisualStudioVersion = 14.0.25123.0
MinimumVisualStudioVersion = 10.0.40219.1
Project("{FAE04EC0-301F-11D3-BF4B-00C04F79EFBC}") = "LogiRGB", "LogiRGB\LogiRGB.csproj", "{BC769E30-40F9-49C2-AD47-326367317F68}"
EndProject
Project("{FAE04EC0-301F-11D3-BF4B-00C04F79EFBC}") = "LogitechGSDK_Plugin", "LogitechGSDK_Plugin\LogitechGSDK_Plugin.csproj", "{C8CF0EAB-2BB0-4BCB-8122-560281515295}"
EndProject
Project("{FAE04EC0-301F-11D3-BF4B-00C04F79EFBC}") = "PluginContracts", "PluginContracts\PluginContracts.csproj", "{E94D7E39-DC03-4068-B277-8ADECB4FEEEA}"
EndProject
Global
	GlobalSection(SolutionConfigurationPlatforms) = preSolution
		Debug|Any CPU = Debug|Any CPU
		Debug|x64 = Debug|x64
		Release|Any CPU = Release|Any CPU
		Release|x64 = Release|x64
	EndGlobalSection
	GlobalSection(ProjectConfigurationPlatforms) = postSolution
		{BC769E30-40F9-49C2-AD47-326367317F68}.Debug|Any CPU.ActiveCfg = Debug|Any CPU
		{BC769E30-40F9-49C2-AD47-326367317F68}.Debug|Any CPU.Build.0 = Debug|Any CPU
		{BC769E30-40F9-49C2-AD47-326367317F68}.Debug|x64.ActiveCfg = Debug|x64
		{BC769E30-40F9-49C2-AD47-326367317F68}.Debug|x64.Build.0 = Debug|x64
		{BC769E30-40F9-49C2-AD47-326367317F68}.Release|Any CPU.ActiveCfg = Release|Any CPU
		{BC769E30-40F9-49C2-AD47-326367317F68}.Release|Any CPU.Build.0 = Release|Any CPU
		{BC769E30-40F9-49C2-AD47-326367317F68}.Release|x64.ActiveCfg = Release|x64
		{BC769E30-40F9-49C2-AD47-326367317F68}.Release|x64.Build.0 = Release|x64
		{C8CF0EAB-2BB0-4BCB-8122-560281515295}.Debug|Any CPU.ActiveCfg = Debug|Any CPU
		{C8CF0EAB-2BB0-4BCB-8122-560281515295}.Debug|Any CPU.Build.0 = Debug|Any CPU
		{C8CF0EAB-2BB0-4BCB-8122-560281515295}.Debug|x64.ActiveCfg = Debug|x64
		{C8CF0EAB-2BB0-4BCB-8122-560281515295}.Debug|x64.Build.0 = Debug|x64
		{C8CF0EAB-2BB0-4BCB-8122-560281515295}.Release|Any CPU.ActiveCfg = Release|Any CPU
		{C8CF0EAB-2BB0-4BCB-8122-560281515295}.Release|Any CPU.Build.0 = Release|Any CPU
		{C8CF0EAB-2BB0-4BCB-8122-560281515295}.Release|x64.ActiveCfg = Release|Any CPU
		{C8CF0EAB-2BB0-4BCB-8122-560281515295}.Release|x64.Build.0 = Release|Any CPU
		{E94D7E39-DC03-4068-B277-8ADECB4FEEEA}.Debug|Any CPU.ActiveCfg = Debug|Any CPU
		{E94D7E39-DC03-4068-B277-8ADECB4FEEEA}.Debug|Any CPU.Build.0 = Debug|Any CPU
		{E94D7E39-DC03-4068-B277-8ADECB4FEEEA}.Debug|x64.ActiveCfg = Debug|x64
		{E94D7E39-DC03-4068-B277-8ADECB4FEEEA}.Debug|x64.Build.0 = Debug|x64
		{E94D7E39-DC03-4068-B277-8ADECB4FEEEA}.Release|Any CPU.ActiveCfg = Release|Any CPU
		{E94D7E39-DC03-4068-B277-8ADECB4FEEEA}.Release|Any CPU.Build.0 = Release|Any CPU
		{E94D7E39-DC03-4068-B277-8ADECB4FEEEA}.Release|x64.ActiveCfg = Release|Any CPU
		{E94D7E39-DC03-4068-B277-8ADECB4FEEEA}.Release|x64.Build.0 = Release|Any CPU
	EndGlobalSection
	GlobalSection(SolutionProperties) = preSolution
		HideSolutionNode = FALSE
	EndGlobalSection
EndGlobal
